Microsoft Visual Studio Solution File, Format Version 12.00
# Visual Studio Version 17
VisualStudioVersion = 17.5.2.0
MinimumVisualStudioVersion = 10.0.40219.1
Project("{FAE04EC0-301F-11D3-BF4B-00C04F79EFBC}") = "UselessFactsTool", "UselessFactsTool\UselessFactsTool.csproj", "{7BF21051-21D7-712F-64FA-6A4CA0BA1A36}"
EndProject
Global
	GlobalSection(SolutionConfigurationPlatforms) = preSolution
		Debug|Any CPU = Debug|Any CPU
		Release|Any CPU = Release|Any CPU
	EndGlobalSection
	GlobalSection(ProjectConfigurationPlatforms) = postSolution
		{7BF21051-21D7-712F-64FA-6A4CA0BA1A36}.Debug|Any CPU.ActiveCfg = Debug|Any CPU
		{7BF21051-21D7-712F-64FA-6A4CA0BA1A36}.Debug|Any CPU.Build.0 = Debug|Any CPU
		{7BF21051-21D7-712F-64FA-6A4CA0BA1A36}.Release|Any CPU.ActiveCfg = Release|Any CPU
		{7BF21051-21D7-712F-64FA-6A4CA0BA1A36}.Release|Any CPU.Build.0 = Release|Any CPU
	EndGlobalSection
	GlobalSection(SolutionProperties) = preSolution
		HideSolutionNode = FALSE
	EndGlobalSection
	GlobalSection(ExtensibilityGlobals) = postSolution
		SolutionGuid = {0F96A520-77BA-41EC-808D-FE0F22F30B31}
	EndGlobalSection
EndGlobal
